<?xml version="1.0" encoding="utf-8"?>
<Project ToolsVersion="4.0" xmlns="http://schemas.microsoft.com/developer/msbuild/2003">
  <ItemGroup>
    <Filter Include="Исходные файлы">
      <UniqueIdentifier>{4FC737F1-C7A5-4376-A066-2A32D752A2FF}</UniqueIdentifier>
      <Extensions>cpp;c;cc;cxx;def;odl;idl;hpj;bat;asm;asmx</Extensions>
    </Filter>
    <Filter Include="Файлы заголовков">
      <UniqueIdentifier>{93995380-89BD-4b04-88EB-625FBE52EBFB}</UniqueIdentifier>
      <Extensions>h;hh;hpp;hxx;hm;inl;inc;xsd</Extensions>
    </Filter>
    <Filter Include="Файлы ресурсов">
      <UniqueIdentifier>{67DA6AB6-F800-4c08-8B7A-83BB121AAD01}</UniqueIdentifier>
      <Extensions>rc;ico;cur;bmp;dlg;rc2;rct;bin;rgs;gif;jpg;jpeg;jpe;resx;tiff;tif;png;wav;mfcribbon-ms</Extensions>
    </Filter>
    <Filter Include="Исходные файлы\LaunchLab1">
      <UniqueIdentifier>{0a7a705b-1582-4e0a-9cbe-c6ea9f7c41bc}</UniqueIdentifier>
    </Filter>
    <Filter Include="Исходные файлы\LaunchLab2">
      <UniqueIdentifier>{ca04c5e6-50cd-4eb6-a362-0b2f272b0c5c}</UniqueIdentifier>
    </Filter>
    <Filter Include="Исходные файлы\LaunchLab3">
      <UniqueIdentifier>{d631f54e-3b03-4c4f-b106-c23257ae88d5}</UniqueIdentifier>
    </Filter>
    <Filter Include="Файлы заголовков\Lab3">
      <UniqueIdentifier>{29edd06f-eae6-4bd6-a945-649c632aa80a}</UniqueIdentifier>
    </Filter>
    <Filter Include="Файлы заголовков\Lab4">
      <UniqueIdentifier>{ca7519af-1113-44d6-b8d1-3789a0610357}</UniqueIdentifier>
    </Filter>
    <Filter Include="Исходные файлы\LaunchLab4">
      <UniqueIdentifier>{95e151c1-4f74-44ce-89f1-398598cf1b97}</UniqueIdentifier>
    </Filter>
    <Filter Include="Исходные файлы\LaunchLab5">
      <UniqueIdentifier>{f9bfaf9e-8f07-47a5-89bf-347baeb0ca06}</UniqueIdentifier>
    </Filter>
    <Filter Include="Файлы заголовков\Lab5">
      <UniqueIdentifier>{718426c6-11db-4ce3-82ff-df935814b45e}</UniqueIdentifier>
    </Filter>
    <Filter Include="Файлы заголовков\Lab6">
      <UniqueIdentifier>{5a530688-fe5e-497d-9bec-06fdcf429fa3}</UniqueIdentifier>
    </Filter>
    <Filter Include="Исходные файлы\LaunchLab6">
      <UniqueIdentifier>{57d0d66a-6a50-4378-a2d7-ebf462638461}</UniqueIdentifier>
    </Filter>
  </ItemGroup>
  <ItemGroup>
    <ClCompile Include="Main.cpp">
      <Filter>Исходные файлы</Filter>
    </ClCompile>
    <ClCompile Include="LaunchTask1.cpp">
      <Filter>Исходные файлы\LaunchLab1</Filter>
    </ClCompile>
    <ClCompile Include="LaunchTask2.cpp">
      <Filter>Исходные файлы\LaunchLab2</Filter>
    </ClCompile>
    <ClCompile Include="LaunchTaskFunction2.cpp">
      <Filter>Исходные файлы\LaunchLab2</Filter>
    </ClCompile>
    <ClCompile Include="LaunchTaskFunctions1.cpp">
      <Filter>Исходные файлы\LaunchLab1</Filter>
    </ClCompile>
    <ClCompile Include="LaunchTask3.cpp">
      <Filter>Исходные файлы\LaunchLab3</Filter>
    </ClCompile>
    <ClCompile Include="LaunchTask4.cpp">
      <Filter>Исходные файлы\LaunchLab4</Filter>
    </ClCompile>
    <ClCompile Include="String.cpp">
      <Filter>Исходные файлы\LaunchLab3</Filter>
    </ClCompile>
    <ClCompile Include="List.cpp">
      <Filter>Исходные файлы\LaunchLab4</Filter>
    </ClCompile>
    <ClCompile Include="Stack.cpp">
      <Filter>Исходные файлы\LaunchLab4</Filter>
    </ClCompile>
    <ClCompile Include="PersonClass.cpp">
      <Filter>Исходные файлы\LaunchLab5</Filter>
    </ClCompile>
    <ClCompile Include="PersonListClass.cpp">
      <Filter>Исходные файлы\LaunchLab5</Filter>
    </ClCompile>
    <ClCompile Include="LaunchTask5.cpp">
      <Filter>Исходные файлы\LaunchLab5</Filter>
    </ClCompile>
    <ClCompile Include="LaunchTask6.cpp">
      <Filter>Исходные файлы\LaunchLab6</Filter>
    </ClCompile>
    <ClCompile Include="AdultClass.cpp">
      <Filter>Исходные файлы\LaunchLab6</Filter>
    </ClCompile>
    <ClCompile Include="ChildClass.cpp">
      <Filter>Исходные файлы\LaunchLab6</Filter>
    </ClCompile>
  </ItemGroup>
  <ItemGroup>
    <ClInclude Include="AllLabs.h">
      <Filter>Файлы заголовков</Filter>
    </ClInclude>
    <ClInclude Include="Function2.h">
      <Filter>Файлы заголовков</Filter>
    </ClInclude>
    <ClInclude Include="Function1.h">
      <Filter>Файлы заголовков</Filter>
    </ClInclude>
    <ClInclude Include="String.h">
      <Filter>Файлы заголовков\Lab3</Filter>
    </ClInclude>
    <ClInclude Include="List.h">
      <Filter>Файлы заголовков\Lab4</Filter>
    </ClInclude>
    <ClInclude Include="Stack.h">
      <Filter>Файлы заголовков\Lab4</Filter>
    </ClInclude>
    <ClInclude Include="LaunchTask4.h">
      <Filter>Файлы заголовков\Lab4</Filter>
    </ClInclude>
    <ClInclude Include="PersonListClass.h">
      <Filter>Файлы заголовков\Lab5</Filter>
    </ClInclude>
    <ClInclude Include="AdultClass.h">
      <Filter>Файлы заголовков\Lab6</Filter>
    </ClInclude>
    <ClInclude Include="ChildClass.h">
      <Filter>Файлы заголовков\Lab6</Filter>
    </ClInclude>
    <ClInclude Include="PersonStract.h">
      <Filter>Файлы заголовков\Lab3</Filter>
    </ClInclude>
    <ClInclude Include="Person.h">
      <Filter>Файлы заголовков\Lab5</Filter>
    </ClInclude>
  </ItemGroup>
</Project>